
Microsoft Visual Studio Solution File, Format Version 12.00
# Visual Studio Version 17
VisualStudioVersion = 17.4.33213.308
MinimumVisualStudioVersion = 10.0.40219.1
Project("{FAE04EC0-301F-11D3-BF4B-00C04F79EFBC}") = "TheIVCam", "TheIVCam.csproj", "{18F59BE5-C041-46DF-A3C1-B9D701FAD2FB}"
EndProject
Global
	GlobalSection(SolutionConfigurationPlatforms) = preSolution
		Debug|Any CPU = Debug|Any CPU
		Debug|x86 = Debug|x86
		Release|Any CPU = Release|Any CPU
		Release|x86 = Release|x86
	EndGlobalSection
	GlobalSection(ProjectConfigurationPlatforms) = postSolution
		{18F59BE5-C041-46DF-A3C1-B9D701FAD2FB}.Debug|Any CPU.ActiveCfg = Debug|Any CPU
		{18F59BE5-C041-46DF-A3C1-B9D701FAD2FB}.Debug|Any CPU.Build.0 = Debug|Any CPU
		{18F59BE5-C041-46DF-A3C1-B9D701FAD2FB}.Debug|x86.ActiveCfg = Debug|x86
		{18F59BE5-C041-46DF-A3C1-B9D701FAD2FB}.Debug|x86.Build.0 = Debug|x86
		{18F59BE5-C041-46DF-A3C1-B9D701FAD2FB}.Release|Any CPU.ActiveCfg = Release|Any CPU
		{18F59BE5-C041-46DF-A3C1-B9D701FAD2FB}.Release|Any CPU.Build.0 = Release|Any CPU
		{18F59BE5-C041-46DF-A3C1-B9D701FAD2FB}.Release|x86.ActiveCfg = Release|x86
		{18F59BE5-C041-46DF-A3C1-B9D701FAD2FB}.Release|x86.Build.0 = Release|x86
	EndGlobalSection
	GlobalSection(SolutionProperties) = preSolution
		HideSolutionNode = FALSE
	EndGlobalSection
	GlobalSection(ExtensibilityGlobals) = postSolution
		SolutionGuid = {4B04D87A-654B-452B-ABB4-D81BD1C86B6F}
	EndGlobalSection
EndGlobal
